{
  "name": "blueberries",
  "version": "1.0.8",
  "lockfileVersion": 3,
  "requires": true,
  "packages": {
    "": {
      "name": "blueberries",
      "version": "1.0.8",
      "license": "GPL",
      "dependencies": {
        "ladybits": "^2.0.0"
      },
      "devDependencies": {}
    },
    "../ladybits": {
      "version": "2.0.2",
      "license": "GPL"
    },
    "node_modules/ladybits": {
      "resolved": "../ladybits",
      "link": true
    }
  }
}
